# THIS IS AN AUTOGENERATED FILE. DO NOT EDIT THIS FILE DIRECTLY.
# yarn lockfile v1


"@babel/runtime@^7.21.0":
  version "7.22.6"
  resolved "https://registry.yarnpkg.com/@babel/runtime/-/runtime-7.22.6.tgz#57d64b9ae3cff1d67eb067ae117dac087f5bd438"
  integrity sha512-wDb5pWm4WDdF6LFUde3Jl8WzPA+3ZbxYqkC6xAXuD3irdEHN1k0NfTRrJD8ZD378SJ61miMLCqIOXYhd8x+AJQ==
  dependencies:
    regenerator-runtime "^0.13.11"

"@twind/core@^1.1.3":
  version "1.1.3"
  resolved "https://registry.yarnpkg.com/@twind/core/-/core-1.1.3.tgz#7ab2f6390d6feb5e1315db101b97434ab2761048"
  integrity sha512-/B/aNFerMb2IeyjSJy3SJxqVxhrT77gBDknLMiZqXIRr4vNJqiuhx7KqUSRzDCwUmyGuogkamz+aOLzN6MeSLw==
  dependencies:
    csstype "^3.1.1"

"@twind/preset-autoprefix@^1.0.7":
  version "1.0.7"
  resolved "https://registry.yarnpkg.com/@twind/preset-autoprefix/-/preset-autoprefix-1.0.7.tgz#cf2147121cc2f77240e989f314fc485a630c31cf"
  integrity sha512-3wmHO0pG/CVxYBNZUV0tWcL7CP0wD5KpyWAQE/KOalWmOVBj+nH6j3v6Y3I3pRuMFaG5DC78qbYbhA1O11uG3w==
  dependencies:
    style-vendorizer "^2.2.3"

"@twind/preset-ext@^1.0.7":
  version "1.0.7"
  resolved "https://registry.yarnpkg.com/@twind/preset-ext/-/preset-ext-1.0.7.tgz#e9c8e1eef2338a78a36fa98a5a360e9577ddf800"
  integrity sha512-v0yu6CooiUTUinAQY1r28Y4w28FyM+nnBNC/WuSOP33EM1D1uSZvmM+ihAZWwrLSrmRzEz8gWbyj6Wq2fowzrA==

"@twind/preset-tailwind@^1.1.4":
  version "1.1.4"
  resolved "https://registry.yarnpkg.com/@twind/preset-tailwind/-/preset-tailwind-1.1.4.tgz#354710e9700de27712bfcd226af32b3162fea172"
  integrity sha512-zv85wrP/DW4AxgWrLfH7kyGn/KJF3K04FMLVl2AjoxZGYdCaoZDkL8ma3hzaKQ+WGgBFRubuB/Ku2Rtv/wjzVw==

"@twind/with-react@^1.1.3":
  version "1.1.3"
  resolved "https://registry.yarnpkg.com/@twind/with-react/-/with-react-1.1.3.tgz#9019d0c9cc40ffd141763041cb5a4700b09e9561"
  integrity sha512-xWQ+BC7P8gECjIFamJ0UGGmcWaUKxcmH6HcnPIANO+NDJIoTFbkjHu/jxlBtADX706nYRYeuOXBDzDd0mSdJvg==
  dependencies:
    fast-diff "^1.2.0"

csstype@^3.1.1:
  version "3.1.2"
  resolved "https://registry.yarnpkg.com/csstype/-/csstype-3.1.2.tgz#1d4bf9d572f11c14031f0436e1c10bc1f571f50b"
  integrity sha512-I7K1Uu0MBPzaFKg4nI5Q7Vs2t+3gWWW648spaF+Rg7pI9ds18Ugn+lvg4SHczUdKlHI5LWBXyqfS8+DufyBsgQ==

date-fns@^2.30.0:
  version "2.30.0"
  resolved "https://registry.yarnpkg.com/date-fns/-/date-fns-2.30.0.tgz#f367e644839ff57894ec6ac480de40cae4b0f4d0"
  integrity sha512-fnULvOpxnC5/Vg3NCiWelDsLiUc9bRwAPs/+LfTLNvetFCtCTN+yQz15C/fs4AwX1R9K5GLtLfn8QW+dWisaAw==
  dependencies:
    "@babel/runtime" "^7.21.0"

fast-diff@^1.2.0:
  version "1.3.0"
  resolved "https://registry.yarnpkg.com/fast-diff/-/fast-diff-1.3.0.tgz#ece407fa550a64d638536cd727e129c61616e0f0"
  integrity sha512-VxPP4NqbUjj6MaAOafWeUn2cXWLcCtljklUtZf0Ind4XQ+QPtmA0b18zZy0jIQx+ExRVCR/ZQpBmik5lXshNsw==

"js-tokens@^3.0.0 || ^4.0.0":
  version "4.0.0"
  resolved "https://registry.yarnpkg.com/js-tokens/-/js-tokens-4.0.0.tgz#19203fb59991df98e3a287050d4647cdeaf32499"
  integrity sha512-RdJUflcE3cUzKiMqQgsCu06FPu9UdIJO0beYbPhHN4k6apgJtifcoCtT9bcxOpYBtpD2kCM6Sbzg4CausW/PKQ==

loose-envify@^1.1.0:
  version "1.4.0"
  resolved "https://registry.yarnpkg.com/loose-envify/-/loose-envify-1.4.0.tgz#71ee51fa7be4caec1a63839f7e682d8132d30caf"
  integrity sha512-lyuxPGr/Wfhrlem2CL/UcnUc1zcqKAImBDzukY7Y5F/yQiNdko6+fRLevlw1HgMySw7f611UIY408EtxRSoK3Q==
  dependencies:
    js-tokens "^3.0.0 || ^4.0.0"

markdown-to-jsx@^7.2.1:
  version "7.2.1"
  resolved "https://registry.yarnpkg.com/markdown-to-jsx/-/markdown-to-jsx-7.2.1.tgz#87061fd3176ad926ef3d99493e5c57f6335e0c51"
  integrity sha512-9HrdzBAo0+sFz9ZYAGT5fB8ilzTW+q6lPocRxrIesMO+aB40V9MgFfbfMXxlGjf22OpRy+IXlvVaQenicdpgbg==

prettier@^3.0.0:
  version "3.0.0"
  resolved "https://registry.yarnpkg.com/prettier/-/prettier-3.0.0.tgz#e7b19f691245a21d618c68bc54dc06122f6105ae"
  integrity sha512-zBf5eHpwHOGPC47h0zrPyNn+eAEIdEzfywMoYn2XPi0P44Zp0tSq64rq0xAREh4auw2cJZHo9QUob+NqCQky4g==

react@^18.2.0:
  version "18.2.0"
  resolved "https://registry.yarnpkg.com/react/-/react-18.2.0.tgz#555bd98592883255fa00de14f1151a917b5d77d5"
  integrity sha512-/3IjMdb2L9QbBdWiW5e3P2/npwMBaU9mHCSCUzNln0ZCYbcfTsGbTJrU/kGemdH2IWmB2ioZ+zkxtmq6g09fGQ==
  dependencies:
    loose-envify "^1.1.0"

regenerator-runtime@^0.13.11:
  version "0.13.11"
  resolved "https://registry.yarnpkg.com/regenerator-runtime/-/regenerator-runtime-0.13.11.tgz#f6dca3e7ceec20590d07ada785636a90cdca17f9"
  integrity sha512-kY1AZVr2Ra+t+piVaJ4gxaFaReZVH40AKNo7UCX6W+dEwBo/2oZJzqfuN1qLq1oL45o56cPaTXELwrTh8Fpggg==

style-vendorizer@^2.2.3:
  version "2.2.3"
  resolved "https://registry.yarnpkg.com/style-vendorizer/-/style-vendorizer-2.2.3.tgz#e18098fd981c5884c58ff939475fbba74aaf080c"
  integrity sha512-/VDRsWvQAgspVy9eATN3z6itKTuyg+jW1q6UoTCQCFRqPDw8bi3E1hXIKnGw5LvXS2AQPuJ7Af4auTLYeBOLEg==

tailwind-merge@^1.13.2:
  version "1.13.2"
  resolved "https://registry.yarnpkg.com/tailwind-merge/-/tailwind-merge-1.13.2.tgz#1d06c9e95ffda2320efc50ed33c65be0cda23091"
  integrity sha512-R2/nULkdg1VR/EL4RXg4dEohdoxNUJGLMnWIQnPKL+O9Twu7Cn3Rxi4dlXkDzZrEGtR+G+psSXFouWlpTyLhCQ==
